// !$*UTF8*$!
{
	archiveVersion = 1;
	classes = {
	};
	objectVersion = 50;
	objects = {

/* Begin PBXBuildFile section */
		0E28ADA0A82E71ECB507B0B3 /* Pods_DrAtDoorStep.framework in Frameworks */ = {isa = PBXBuildFile; fileRef = 76176DC87206888026BE86F7 /* Pods_DrAtDoorStep.framework */; };
		B20EAA942226581400DBCD04 /* AppDelegate.swift in Sources */ = {isa = PBXBuildFile; fileRef = B20EAA932226581400DBCD04 /* AppDelegate.swift */; };
		B20EAA962226581400DBCD04 /* ViewController.swift in Sources */ = {isa = PBXBuildFile; fileRef = B20EAA952226581400DBCD04 /* ViewController.swift */; };
		B20EAA992226581400DBCD04 /* Main.storyboard in Resources */ = {isa = PBXBuildFile; fileRef = B20EAA972226581400DBCD04 /* Main.storyboard */; };
		B20EAA9B2226581600DBCD04 /* Assets.xcassets in Resources */ = {isa = PBXBuildFile; fileRef = B20EAA9A2226581600DBCD04 /* Assets.xcassets */; };
		B20EAA9E2226581600DBCD04 /* LaunchScreen.storyboard in Resources */ = {isa = PBXBuildFile; fileRef = B20EAA9C2226581600DBCD04 /* LaunchScreen.storyboard */; };
		B20EAAAA2226676F00DBCD04 /* Appoinments.swift in Sources */ = {isa = PBXBuildFile; fileRef = B20EAAA92226676F00DBCD04 /* Appoinments.swift */; };
		B20EAAAE22269D0F00DBCD04 /* More.swift in Sources */ = {isa = PBXBuildFile; fileRef = B20EAAAD22269D0E00DBCD04 /* More.swift */; };
		B20EAAB92226A0B900DBCD04 /* DoctorViewController.swift in Sources */ = {isa = PBXBuildFile; fileRef = B20EAAB82226A0B900DBCD04 /* DoctorViewController.swift */; };
		B231728F224B5D4A00AFF2D6 /* AppoinmentViewController.swift in Sources */ = {isa = PBXBuildFile; fileRef = B231728E224B5D4A00AFF2D6 /* AppoinmentViewController.swift */; };
		B23EC0E02226A63400DDB908 /* NursesViewController.swift in Sources */ = {isa = PBXBuildFile; fileRef = B23EC0DF2226A63400DDB908 /* NursesViewController.swift */; };
		B23EC0E32226A76E00DDB908 /* LabViewController.swift in Sources */ = {isa = PBXBuildFile; fileRef = B23EC0E22226A76E00DDB908 /* LabViewController.swift */; };
		B23EC0E62226A8D100DDB908 /* CaretakerViewController.swift in Sources */ = {isa = PBXBuildFile; fileRef = B23EC0E52226A8D100DDB908 /* CaretakerViewController.swift */; };
		B23EC0E82226AB9000DDB908 /* AmbulanceViewController.swift in Sources */ = {isa = PBXBuildFile; fileRef = B23EC0E72226AB9000DDB908 /* AmbulanceViewController.swift */; };
		B23EC0EA2226AE6C00DDB908 /* PharmacyViewController.swift in Sources */ = {isa = PBXBuildFile; fileRef = B23EC0E92226AE6C00DDB908 /* PharmacyViewController.swift */; };
		B23EC0EC2226AEEC00DDB908 /* CartViewController.swift in Sources */ = {isa = PBXBuildFile; fileRef = B23EC0EB2226AEEC00DDB908 /* CartViewController.swift */; };
		B23EC0EE2226AF4400DDB908 /* BookingHistoryViewController.swift in Sources */ = {isa = PBXBuildFile; fileRef = B23EC0ED2226AF4400DDB908 /* BookingHistoryViewController.swift */; };
		B23EC0F02226AF6000DDB908 /* OfferVochersViewController.swift in Sources */ = {isa = PBXBuildFile; fileRef = B23EC0EF2226AF6000DDB908 /* OfferVochersViewController.swift */; };
		B23EC0F22226AF7400DDB908 /* WalletViewController.swift in Sources */ = {isa = PBXBuildFile; fileRef = B23EC0F12226AF7400DDB908 /* WalletViewController.swift */; };
		B23EC0F42226AFBB00DDB908 /* AboutusViewController.swift in Sources */ = {isa = PBXBuildFile; fileRef = B23EC0F32226AFBB00DDB908 /* AboutusViewController.swift */; };
		B23EC0F62226AFCE00DDB908 /* BlogViewController.swift in Sources */ = {isa = PBXBuildFile; fileRef = B23EC0F52226AFCE00DDB908 /* BlogViewController.swift */; };
		B23EC0F82226AFE900DDB908 /* TermsConditionViewController.swift in Sources */ = {isa = PBXBuildFile; fileRef = B23EC0F72226AFE900DDB908 /* TermsConditionViewController.swift */; };
		B23EC0FA2226B00900DDB908 /* HelpViewController.swift in Sources */ = {isa = PBXBuildFile; fileRef = B23EC0F92226B00900DDB908 /* HelpViewController.swift */; };
		B23EC0FD2226B02800DDB908 /* FeedbackViewController.swift in Sources */ = {isa = PBXBuildFile; fileRef = B23EC0FC2226B02800DDB908 /* FeedbackViewController.swift */; };
		B23EC0FF2226B0E000DDB908 /* AddPatientViewController.swift in Sources */ = {isa = PBXBuildFile; fileRef = B23EC0FE2226B0E000DDB908 /* AddPatientViewController.swift */; };
		B23EC1012226B19B00DDB908 /* ViewPatientViewController.swift in Sources */ = {isa = PBXBuildFile; fileRef = B23EC1002226B19B00DDB908 /* ViewPatientViewController.swift */; };
		B23EC1032226B35700DDB908 /* ChangePasswordViewController.swift in Sources */ = {isa = PBXBuildFile; fileRef = B23EC1022226B35700DDB908 /* ChangePasswordViewController.swift */; };
		B2A235C02227AEE700546FF7 /* LoginViewController.swift in Sources */ = {isa = PBXBuildFile; fileRef = B2A235BF2227AEE600546FF7 /* LoginViewController.swift */; };
		B2A235C22227AEF100546FF7 /* RegisterViewController.swift in Sources */ = {isa = PBXBuildFile; fileRef = B2A235C12227AEF100546FF7 /* RegisterViewController.swift */; };
		B2A235C42227AF1F00546FF7 /* ForgetPasswordViewController.swift in Sources */ = {isa = PBXBuildFile; fileRef = B2A235C32227AF1F00546FF7 /* ForgetPasswordViewController.swift */; };
		B2A235C62227B75100546FF7 /* CreatePasswordViewController.swift in Sources */ = {isa = PBXBuildFile; fileRef = B2A235C52227B75100546FF7 /* CreatePasswordViewController.swift */; };
		B2AC95C92230E52400713B1B /* DrAtDoorDataModel.swift in Sources */ = {isa = PBXBuildFile; fileRef = B2AC95C82230E52400713B1B /* DrAtDoorDataModel.swift */; };
		B2AC95CB2230EB2F00713B1B /* AuthenticateViewController.swift in Sources */ = {isa = PBXBuildFile; fileRef = B2AC95CA2230EB2F00713B1B /* AuthenticateViewController.swift */; };
		B2B7FEBA224A32AA00C0B0EA /* UIImage+Gif.swift in Sources */ = {isa = PBXBuildFile; fileRef = B2B7FEB9224A32A900C0B0EA /* UIImage+Gif.swift */; };
		B2BCEB4A224B3C34004B11E8 /* CardView.swift in Sources */ = {isa = PBXBuildFile; fileRef = B2BCEB49224B3C34004B11E8 /* CardView.swift */; };
		B2D320CA223132E1005DF272 /* NotificationsViewController.swift in Sources */ = {isa = PBXBuildFile; fileRef = B2D320C9223132E1005DF272 /* NotificationsViewController.swift */; };
		B2D320CC22313338005DF272 /* NotificationTableViewCell.swift in Sources */ = {isa = PBXBuildFile; fileRef = B2D320CB22313338005DF272 /* NotificationTableViewCell.swift */; };
		B2D320CF22313A8D005DF272 /* NotificationDataModel.swift in Sources */ = {isa = PBXBuildFile; fileRef = B2D320CE22313A8D005DF272 /* NotificationDataModel.swift */; };
		B2D8A72A223290E000B2887F /* ViewPatientTableViewCell.swift in Sources */ = {isa = PBXBuildFile; fileRef = B2D8A729223290E000B2887F /* ViewPatientTableViewCell.swift */; };
		B2D8A72C2232937400B2887F /* PatientDataModel.swift in Sources */ = {isa = PBXBuildFile; fileRef = B2D8A72B2232937400B2887F /* PatientDataModel.swift */; };
		B2DDFAFD22366A9500C87D6D /* BookingHistoryTableViewCell.swift in Sources */ = {isa = PBXBuildFile; fileRef = B2DDFAFC22366A9500C87D6D /* BookingHistoryTableViewCell.swift */; };
		B2DDFB01223681CF00C87D6D /* FeedbackDataModel.swift in Sources */ = {isa = PBXBuildFile; fileRef = B2DDFB00223681CF00C87D6D /* FeedbackDataModel.swift */; };
/* End PBXBuildFile section */

/* Begin PBXFileReference section */
		1E4CBA2E767DCEFDA8024502 /* Pods-DrAtDoorStep.debug.xcconfig */ = {isa = PBXFileReference; includeInIndex = 1; lastKnownFileType = text.xcconfig; name = "Pods-DrAtDoorStep.debug.xcconfig"; path = "Pods/Target Support Files/Pods-DrAtDoorStep/Pods-DrAtDoorStep.debug.xcconfig"; sourceTree = "<group>"; };
		76176DC87206888026BE86F7 /* Pods_DrAtDoorStep.framework */ = {isa = PBXFileReference; explicitFileType = wrapper.framework; includeInIndex = 0; path = Pods_DrAtDoorStep.framework; sourceTree = BUILT_PRODUCTS_DIR; };
		B20EAA902226581400DBCD04 /* DrAtDoorStep.app */ = {isa = PBXFileReference; explicitFileType = wrapper.application; includeInIndex = 0; path = DrAtDoorStep.app; sourceTree = BUILT_PRODUCTS_DIR; };
		B20EAA932226581400DBCD04 /* AppDelegate.swift */ = {isa = PBXFileReference; lastKnownFileType = sourcecode.swift; path = AppDelegate.swift; sourceTree = "<group>"; };
		B20EAA952226581400DBCD04 /* ViewController.swift */ = {isa = PBXFileReference; lastKnownFileType = sourcecode.swift; path = ViewController.swift; sourceTree = "<group>"; };
		B20EAA982226581400DBCD04 /* Base */ = {isa = PBXFileReference; lastKnownFileType = file.storyboard; name = Base; path = Base.lproj/Main.storyboard; sourceTree = "<group>"; };
		B20EAA9A2226581600DBCD04 /* Assets.xcassets */ = {isa = PBXFileReference; lastKnownFileType = folder.assetcatalog; path = Assets.xcassets; sourceTree = "<group>"; };
		B20EAA9D2226581600DBCD04 /* Base */ = {isa = PBXFileReference; lastKnownFileType = file.storyboard; name = Base; path = Base.lproj/LaunchScreen.storyboard; sourceTree = "<group>"; };
		B20EAA9F2226581600DBCD04 /* Info.plist */ = {isa = PBXFileReference; lastKnownFileType = text.plist.xml; path = Info.plist; sourceTree = "<group>"; };
		B20EAAA92226676F00DBCD04 /* Appoinments.swift */ = {isa = PBXFileReference; lastKnownFileType = sourcecode.swift; path = Appoinments.swift; sourceTree = "<group>"; };
		B20EAAAD22269D0E00DBCD04 /* More.swift */ = {isa = PBXFileReference; lastKnownFileType = sourcecode.swift; path = More.swift; sourceTree = "<group>"; };
		B20EAAB82226A0B900DBCD04 /* DoctorViewController.swift */ = {isa = PBXFileReference; lastKnownFileType = sourcecode.swift; path = DoctorViewController.swift; sourceTree = "<group>"; };
		B231728E224B5D4A00AFF2D6 /* AppoinmentViewController.swift */ = {isa = PBXFileReference; lastKnownFileType = sourcecode.swift; path = AppoinmentViewController.swift; sourceTree = "<group>"; };
		B23EC0DF2226A63400DDB908 /* NursesViewController.swift */ = {isa = PBXFileReference; lastKnownFileType = sourcecode.swift; path = NursesViewController.swift; sourceTree = "<group>"; };
		B23EC0E22226A76E00DDB908 /* LabViewController.swift */ = {isa = PBXFileReference; lastKnownFileType = sourcecode.swift; path = LabViewController.swift; sourceTree = "<group>"; };
		B23EC0E52226A8D100DDB908 /* CaretakerViewController.swift */ = {isa = PBXFileReference; lastKnownFileType = sourcecode.swift; path = CaretakerViewController.swift; sourceTree = "<group>"; };
		B23EC0E72226AB9000DDB908 /* AmbulanceViewController.swift */ = {isa = PBXFileReference; lastKnownFileType = sourcecode.swift; path = AmbulanceViewController.swift; sourceTree = "<group>"; };
		B23EC0E92226AE6C00DDB908 /* PharmacyViewController.swift */ = {isa = PBXFileReference; lastKnownFileType = sourcecode.swift; path = PharmacyViewController.swift; sourceTree = "<group>"; };
		B23EC0EB2226AEEC00DDB908 /* CartViewController.swift */ = {isa = PBXFileReference; lastKnownFileType = sourcecode.swift; path = CartViewController.swift; sourceTree = "<group>"; };
		B23EC0ED2226AF4400DDB908 /* BookingHistoryViewController.swift */ = {isa = PBXFileReference; lastKnownFileType = sourcecode.swift; path = BookingHistoryViewController.swift; sourceTree = "<group>"; };
		B23EC0EF2226AF6000DDB908 /* OfferVochersViewController.swift */ = {isa = PBXFileReference; lastKnownFileType = sourcecode.swift; path = OfferVochersViewController.swift; sourceTree = "<group>"; };
		B23EC0F12226AF7400DDB908 /* WalletViewController.swift */ = {isa = PBXFileReference; lastKnownFileType = sourcecode.swift; path = WalletViewController.swift; sourceTree = "<group>"; };
		B23EC0F32226AFBB00DDB908 /* AboutusViewController.swift */ = {isa = PBXFileReference; lastKnownFileType = sourcecode.swift; path = AboutusViewController.swift; sourceTree = "<group>"; };
		B23EC0F52226AFCE00DDB908 /* BlogViewController.swift */ = {isa = PBXFileReference; lastKnownFileType = sourcecode.swift; path = BlogViewController.swift; sourceTree = "<group>"; };
		B23EC0F72226AFE900DDB908 /* TermsConditionViewController.swift */ = {isa = PBXFileReference; lastKnownFileType = sourcecode.swift; path = TermsConditionViewController.swift; sourceTree = "<group>"; };
		B23EC0F92226B00900DDB908 /* HelpViewController.swift */ = {isa = PBXFileReference; lastKnownFileType = sourcecode.swift; path = HelpViewController.swift; sourceTree = "<group>"; };
		B23EC0FC2226B02800DDB908 /* FeedbackViewController.swift */ = {isa = PBXFileReference; lastKnownFileType = sourcecode.swift; path = FeedbackViewController.swift; sourceTree = "<group>"; };
		B23EC0FE2226B0E000DDB908 /* AddPatientViewController.swift */ = {isa = PBXFileReference; lastKnownFileType = sourcecode.swift; path = AddPatientViewController.swift; sourceTree = "<group>"; };
		B23EC1002226B19B00DDB908 /* ViewPatientViewController.swift */ = {isa = PBXFileReference; lastKnownFileType = sourcecode.swift; path = ViewPatientViewController.swift; sourceTree = "<group>"; };
		B23EC1022226B35700DDB908 /* ChangePasswordViewController.swift */ = {isa = PBXFileReference; lastKnownFileType = sourcecode.swift; path = ChangePasswordViewController.swift; sourceTree = "<group>"; };
		B2A235BF2227AEE600546FF7 /* LoginViewController.swift */ = {isa = PBXFileReference; lastKnownFileType = sourcecode.swift; path = LoginViewController.swift; sourceTree = "<group>"; };
		B2A235C12227AEF100546FF7 /* RegisterViewController.swift */ = {isa = PBXFileReference; lastKnownFileType = sourcecode.swift; path = RegisterViewController.swift; sourceTree = "<group>"; };
		B2A235C32227AF1F00546FF7 /* ForgetPasswordViewController.swift */ = {isa = PBXFileReference; lastKnownFileType = sourcecode.swift; path = ForgetPasswordViewController.swift; sourceTree = "<group>"; };
		B2A235C52227B75100546FF7 /* CreatePasswordViewController.swift */ = {isa = PBXFileReference; lastKnownFileType = sourcecode.swift; path = CreatePasswordViewController.swift; sourceTree = "<group>"; };
		B2AC95C82230E52400713B1B /* DrAtDoorDataModel.swift */ = {isa = PBXFileReference; lastKnownFileType = sourcecode.swift; path = DrAtDoorDataModel.swift; sourceTree = "<group>"; };
		B2AC95CA2230EB2F00713B1B /* AuthenticateViewController.swift */ = {isa = PBXFileReference; lastKnownFileType = sourcecode.swift; path = AuthenticateViewController.swift; sourceTree = "<group>"; };
		B2B7FEB9224A32A900C0B0EA /* UIImage+Gif.swift */ = {isa = PBXFileReference; fileEncoding = 4; lastKnownFileType = sourcecode.swift; path = "UIImage+Gif.swift"; sourceTree = "<group>"; };
		B2BCEB49224B3C34004B11E8 /* CardView.swift */ = {isa = PBXFileReference; fileEncoding = 4; lastKnownFileType = sourcecode.swift; path = CardView.swift; sourceTree = "<group>"; };
		B2D320C9223132E1005DF272 /* NotificationsViewController.swift */ = {isa = PBXFileReference; lastKnownFileType = sourcecode.swift; path = NotificationsViewController.swift; sourceTree = "<group>"; };
		B2D320CB22313338005DF272 /* NotificationTableViewCell.swift */ = {isa = PBXFileReference; lastKnownFileType = sourcecode.swift; path = NotificationTableViewCell.swift; sourceTree = "<group>"; };
		B2D320CE22313A8D005DF272 /* NotificationDataModel.swift */ = {isa = PBXFileReference; lastKnownFileType = sourcecode.swift; path = NotificationDataModel.swift; sourceTree = "<group>"; };
		B2D8A729223290E000B2887F /* ViewPatientTableViewCell.swift */ = {isa = PBXFileReference; lastKnownFileType = sourcecode.swift; path = ViewPatientTableViewCell.swift; sourceTree = "<group>"; };
		B2D8A72B2232937400B2887F /* PatientDataModel.swift */ = {isa = PBXFileReference; lastKnownFileType = sourcecode.swift; path = PatientDataModel.swift; sourceTree = "<group>"; };
		B2DDFAFC22366A9500C87D6D /* BookingHistoryTableViewCell.swift */ = {isa = PBXFileReference; lastKnownFileType = sourcecode.swift; path = BookingHistoryTableViewCell.swift; sourceTree = "<group>"; };
		B2DDFB00223681CF00C87D6D /* FeedbackDataModel.swift */ = {isa = PBXFileReference; lastKnownFileType = sourcecode.swift; path = FeedbackDataModel.swift; sourceTree = "<group>"; };
		E2AF5F1C7BDBA2715B1C781F /* Pods-DrAtDoorStep.release.xcconfig */ = {isa = PBXFileReference; includeInIndex = 1; lastKnownFileType = text.xcconfig; name = "Pods-DrAtDoorStep.release.xcconfig"; path = "Pods/Target Support Files/Pods-DrAtDoorStep/Pods-DrAtDoorStep.release.xcconfig"; sourceTree = "<group>"; };
/* End PBXFileReference section */

/* Begin PBXFrameworksBuildPhase section */
		B20EAA8D2226581400DBCD04 /* Frameworks */ = {
			isa = PBXFrameworksBuildPhase;
			buildActionMask = 2147483647;
			files = (
				0E28ADA0A82E71ECB507B0B3 /* Pods_DrAtDoorStep.framework in Frameworks */,
			);
			runOnlyForDeploymentPostprocessing = 0;
		};
/* End PBXFrameworksBuildPhase section */

/* Begin PBXGroup section */
		0DB6714D4C66024FFB72CADF /* Frameworks */ = {
			isa = PBXGroup;
			children = (
				76176DC87206888026BE86F7 /* Pods_DrAtDoorStep.framework */,
			);
			name = Frameworks;
			sourceTree = "<group>";
		};
		103E0648DA04F56BC872F013 /* Pods */ = {
			isa = PBXGroup;
			children = (
				1E4CBA2E767DCEFDA8024502 /* Pods-DrAtDoorStep.debug.xcconfig */,
				E2AF5F1C7BDBA2715B1C781F /* Pods-DrAtDoorStep.release.xcconfig */,
			);
			name = Pods;
			sourceTree = "<group>";
		};
		B20EAA872226581400DBCD04 = {
			isa = PBXGroup;
			children = (
				B20EAA922226581400DBCD04 /* DrAtDoorStep */,
				B20EAA912226581400DBCD04 /* Products */,
				103E0648DA04F56BC872F013 /* Pods */,
				0DB6714D4C66024FFB72CADF /* Frameworks */,
			);
			sourceTree = "<group>";
		};
		B20EAA912226581400DBCD04 /* Products */ = {
			isa = PBXGroup;
			children = (
				B20EAA902226581400DBCD04 /* DrAtDoorStep.app */,
			);
			name = Products;
			sourceTree = "<group>";
		};
		B20EAA922226581400DBCD04 /* DrAtDoorStep */ = {
			isa = PBXGroup;
			children = (
				B20EAAB122269EE200DBCD04 /* Model */,
				B20EAAB022269ED300DBCD04 /* View */,
				B20EAAAF22269EC000DBCD04 /* Controller */,
				B20EAA932226581400DBCD04 /* AppDelegate.swift */,
				B2BCEB49224B3C34004B11E8 /* CardView.swift */,
				B2B7FEB9224A32A900C0B0EA /* UIImage+Gif.swift */,
				B20EAA9F2226581600DBCD04 /* Info.plist */,
			);
			path = DrAtDoorStep;
			sourceTree = "<group>";
		};
		B20EAAAF22269EC000DBCD04 /* Controller */ = {
			isa = PBXGroup;
			children = (
				B20EAA952226581400DBCD04 /* ViewController.swift */,
				B2A235BE2227AED500546FF7 /* Login */,
				B2D320CD22313340005DF272 /* Notifications */,
				B20EAAB222269F2D00DBCD04 /* Appoinment */,
				B20EAAB422269F6900DBCD04 /* Ambulance */,
				B20EAAB522269F8900DBCD04 /* Pharmacy */,
				B20EAAB622269FA600DBCD04 /* Cart */,
				B20EAAB322269F4D00DBCD04 /* More */,
			);
			path = Controller;
			sourceTree = "<group>";
		};
		B20EAAB022269ED300DBCD04 /* View */ = {
			isa = PBXGroup;
			children = (
				B20EAA972226581400DBCD04 /* Main.storyboard */,
				B20EAA9A2226581600DBCD04 /* Assets.xcassets */,
				B20EAA9C2226581600DBCD04 /* LaunchScreen.storyboard */,
			);
			path = View;
			sourceTree = "<group>";
		};
		B20EAAB122269EE200DBCD04 /* Model */ = {
			isa = PBXGroup;
			children = (
				B2AC95C82230E52400713B1B /* DrAtDoorDataModel.swift */,
				B2D8A72B2232937400B2887F /* PatientDataModel.swift */,
				B2D320CE22313A8D005DF272 /* NotificationDataModel.swift */,
				B2DDFB00223681CF00C87D6D /* FeedbackDataModel.swift */,
			);
			path = Model;
			sourceTree = "<group>";
		};
		B20EAAB222269F2D00DBCD04 /* Appoinment */ = {
			isa = PBXGroup;
			children = (
				B20EAAA92226676F00DBCD04 /* Appoinments.swift */,
				B231728E224B5D4A00AFF2D6 /* AppoinmentViewController.swift */,
				B20EAAB72226A01000DBCD04 /* Doctor */,
				B23EC0DE2226A61800DDB908 /* Nurses */,
				B23EC0E12226A74B00DDB908 /* Lab */,
				B23EC0E42226A8B200DDB908 /* Caretaker */,
			);
			path = Appoinment;
			sourceTree = "<group>";
		};
		B20EAAB322269F4D00DBCD04 /* More */ = {
			isa = PBXGroup;
			children = (
				B20EAAAD22269D0E00DBCD04 /* More.swift */,
				B2D8A7282232909A00B2887F /* Add Pateint */,
				B2DDFAFE22366AA000C87D6D /* Booking History */,
				B2DDFAFF22367E1000C87D6D /* Feedback */,
				B23EC1022226B35700DDB908 /* ChangePasswordViewController.swift */,
				B23EC0EF2226AF6000DDB908 /* OfferVochersViewController.swift */,
				B23EC0F12226AF7400DDB908 /* WalletViewController.swift */,
				B23EC0F32226AFBB00DDB908 /* AboutusViewController.swift */,
				B23EC0F52226AFCE00DDB908 /* BlogViewController.swift */,
				B23EC0F72226AFE900DDB908 /* TermsConditionViewController.swift */,
				B23EC0F92226B00900DDB908 /* HelpViewController.swift */,
			);
			path = More;
			sourceTree = "<group>";
		};
		B20EAAB422269F6900DBCD04 /* Ambulance */ = {
			isa = PBXGroup;
			children = (
				B23EC0E72226AB9000DDB908 /* AmbulanceViewController.swift */,
			);
			path = Ambulance;
			sourceTree = "<group>";
		};
		B20EAAB522269F8900DBCD04 /* Pharmacy */ = {
			isa = PBXGroup;
			children = (
				B23EC0E92226AE6C00DDB908 /* PharmacyViewController.swift */,
			);
			path = Pharmacy;
			sourceTree = "<group>";
		};
		B20EAAB622269FA600DBCD04 /* Cart */ = {
			isa = PBXGroup;
			children = (
				B23EC0EB2226AEEC00DDB908 /* CartViewController.swift */,
			);
			path = Cart;
			sourceTree = "<group>";
		};
		B20EAAB72226A01000DBCD04 /* Doctor */ = {
			isa = PBXGroup;
			children = (
				B20EAAB82226A0B900DBCD04 /* DoctorViewController.swift */,
			);
			path = Doctor;
			sourceTree = "<group>";
		};
		B23EC0DE2226A61800DDB908 /* Nurses */ = {
			isa = PBXGroup;
			children = (
				B23EC0DF2226A63400DDB908 /* NursesViewController.swift */,
			);
			path = Nurses;
			sourceTree = "<group>";
		};
		B23EC0E12226A74B00DDB908 /* Lab */ = {
			isa = PBXGroup;
			children = (
				B23EC0E22226A76E00DDB908 /* LabViewController.swift */,
			);
			path = Lab;
			sourceTree = "<group>";
		};
		B23EC0E42226A8B200DDB908 /* Caretaker */ = {
			isa = PBXGroup;
			children = (
				B23EC0E52226A8D100DDB908 /* CaretakerViewController.swift */,
			);
			path = Caretaker;
			sourceTree = "<group>";
		};
		B2A235BE2227AED500546FF7 /* Login */ = {
			isa = PBXGroup;
			children = (
				B2A235BF2227AEE600546FF7 /* LoginViewController.swift */,
				B2A235C12227AEF100546FF7 /* RegisterViewController.swift */,
				B2AC95CA2230EB2F00713B1B /* AuthenticateViewController.swift */,
				B2A235C32227AF1F00546FF7 /* ForgetPasswordViewController.swift */,
				B2A235C52227B75100546FF7 /* CreatePasswordViewController.swift */,
			);
			path = Login;
			sourceTree = "<group>";
		};
		B2D320CD22313340005DF272 /* Notifications */ = {
			isa = PBXGroup;
			children = (
				B2D320C9223132E1005DF272 /* NotificationsViewController.swift */,
				B2D320CB22313338005DF272 /* NotificationTableViewCell.swift */,
			);
			path = Notifications;
			sourceTree = "<group>";
		};
		B2D8A7282232909A00B2887F /* Add Pateint */ = {
			isa = PBXGroup;
			children = (
				B23EC0FE2226B0E000DDB908 /* AddPatientViewController.swift */,
				B2D8A729223290E000B2887F /* ViewPatientTableViewCell.swift */,
				B23EC1002226B19B00DDB908 /* ViewPatientViewController.swift */,
			);
			path = "Add Pateint";
			sourceTree = "<group>";
		};
		B2DDFAFE22366AA000C87D6D /* Booking History */ = {
			isa = PBXGroup;
			children = (
				B23EC0ED2226AF4400DDB908 /* BookingHistoryViewController.swift */,
				B2DDFAFC22366A9500C87D6D /* BookingHistoryTableViewCell.swift */,
			);
			path = "Booking History";
			sourceTree = "<group>";
		};
		B2DDFAFF22367E1000C87D6D /* Feedback */ = {
			isa = PBXGroup;
			children = (
				B23EC0FC2226B02800DDB908 /* FeedbackViewController.swift */,
			);
			path = Feedback;
			sourceTree = "<group>";
		};
/* End PBXGroup section */

/* Begin PBXNativeTarget section */
		B20EAA8F2226581400DBCD04 /* DrAtDoorStep */ = {
			isa = PBXNativeTarget;
			buildConfigurationList = B20EAAA22226581600DBCD04 /* Build configuration list for PBXNativeTarget "DrAtDoorStep" */;
			buildPhases = (
				0E7D74345CF2E7AEBCBF1355 /* [CP] Check Pods Manifest.lock */,
				B20EAA8C2226581400DBCD04 /* Sources */,
				B20EAA8D2226581400DBCD04 /* Frameworks */,
				B20EAA8E2226581400DBCD04 /* Resources */,
				2D1C21AB6E2DF76A7791AE4C /* [CP] Embed Pods Frameworks */,
			);
			buildRules = (
			);
			dependencies = (
			);
			name = DrAtDoorStep;
			productName = DrAtDoorStep;
			productReference = B20EAA902226581400DBCD04 /* DrAtDoorStep.app */;
			productType = "com.apple.product-type.application";
		};
/* End PBXNativeTarget section */

/* Begin PBXProject section */
		B20EAA882226581400DBCD04 /* Project object */ = {
			isa = PBXProject;
			attributes = {
				LastSwiftUpdateCheck = 1010;
				LastUpgradeCheck = 1010;
				ORGANIZATIONNAME = "Parth Mandaviya";
				TargetAttributes = {
					B20EAA8F2226581400DBCD04 = {
						CreatedOnToolsVersion = 10.1;
					};
				};
			};
			buildConfigurationList = B20EAA8B2226581400DBCD04 /* Build configuration list for PBXProject "DrAtDoorStep" */;
			compatibilityVersion = "Xcode 9.3";
			developmentRegion = en;
			hasScannedForEncodings = 0;
			knownRegions = (
				en,
				Base,
			);
			mainGroup = B20EAA872226581400DBCD04;
			productRefGroup = B20EAA912226581400DBCD04 /* Products */;
			projectDirPath = "";
			projectRoot = "";
			targets = (
				B20EAA8F2226581400DBCD04 /* DrAtDoorStep */,
			);
		};
/* End PBXProject section */

/* Begin PBXResourcesBuildPhase section */
		B20EAA8E2226581400DBCD04 /* Resources */ = {
			isa = PBXResourcesBuildPhase;
			buildActionMask = 2147483647;
			files = (
				B20EAA9E2226581600DBCD04 /* LaunchScreen.storyboard in Resources */,
				B20EAA9B2226581600DBCD04 /* Assets.xcassets in Resources */,
				B20EAA992226581400DBCD04 /* Main.storyboard in Resources */,
			);
			runOnlyForDeploymentPostprocessing = 0;
		};
/* End PBXResourcesBuildPhase section */

/* Begin PBXShellScriptBuildPhase section */
		0E7D74345CF2E7AEBCBF1355 /* [CP] Check Pods Manifest.lock */ = {
			isa = PBXShellScriptBuildPhase;
			buildActionMask = 2147483647;
			files = (
			);
			inputFileListPaths = (
			);
			inputPaths = (
				"${PODS_PODFILE_DIR_PATH}/Podfile.lock",
				"${PODS_ROOT}/Manifest.lock",
			);
			name = "[CP] Check Pods Manifest.lock";
			outputFileListPaths = (
			);
			outputPaths = (
				"$(DERIVED_FILE_DIR)/Pods-DrAtDoorStep-checkManifestLockResult.txt",
			);
			runOnlyForDeploymentPostprocessing = 0;
			shellPath = /bin/sh;
			shellScript = "diff \"${PODS_PODFILE_DIR_PATH}/Podfile.lock\" \"${PODS_ROOT}/Manifest.lock\" > /dev/null\nif [ $? != 0 ] ; then\n    # print error to STDERR\n    echo \"error: The sandbox is not in sync with the Podfile.lock. Run 'pod install' or update your CocoaPods installation.\" >&2\n    exit 1\nfi\n# This output is used by Xcode 'outputs' to avoid re-running this script phase.\necho \"SUCCESS\" > \"${SCRIPT_OUTPUT_FILE_0}\"\n";
			showEnvVarsInLog = 0;
		};
		2D1C21AB6E2DF76A7791AE4C /* [CP] Embed Pods Frameworks */ = {
			isa = PBXShellScriptBuildPhase;
			buildActionMask = 2147483647;
			files = (
			);
			inputFileListPaths = (
			);
			inputPaths = (
				"${SRCROOT}/Pods/Target Support Files/Pods-DrAtDoorStep/Pods-DrAtDoorStep-frameworks.sh",
				"${BUILT_PRODUCTS_DIR}/Alamofire/Alamofire.framework",
				"${BUILT_PRODUCTS_DIR}/SwiftyJSON/SwiftyJSON.framework",
			);
			name = "[CP] Embed Pods Frameworks";
			outputFileListPaths = (
			);
			outputPaths = (
				"${TARGET_BUILD_DIR}/${FRAMEWORKS_FOLDER_PATH}/Alamofire.framework",
				"${TARGET_BUILD_DIR}/${FRAMEWORKS_FOLDER_PATH}/SwiftyJSON.framework",
			);
			runOnlyForDeploymentPostprocessing = 0;
			shellPath = /bin/sh;
			shellScript = "\"${SRCROOT}/Pods/Target Support Files/Pods-DrAtDoorStep/Pods-DrAtDoorStep-frameworks.sh\"\n";
			showEnvVarsInLog = 0;
		};
/* End PBXShellScriptBuildPhase section */

/* Begin PBXSourcesBuildPhase section */
		B20EAA8C2226581400DBCD04 /* Sources */ = {
			isa = PBXSourcesBuildPhase;
			buildActionMask = 2147483647;
			files = (
				B2DDFAFD22366A9500C87D6D /* BookingHistoryTableViewCell.swift in Sources */,
				B20EAAAE22269D0F00DBCD04 /* More.swift in Sources */,
				B23EC0EA2226AE6C00DDB908 /* PharmacyViewController.swift in Sources */,
				B23EC0E62226A8D100DDB908 /* CaretakerViewController.swift in Sources */,
				B2A235C22227AEF100546FF7 /* RegisterViewController.swift in Sources */,
				B2BCEB4A224B3C34004B11E8 /* CardView.swift in Sources */,
				B2A235C02227AEE700546FF7 /* LoginViewController.swift in Sources */,
				B2D8A72C2232937400B2887F /* PatientDataModel.swift in Sources */,
				B2AC95C92230E52400713B1B /* DrAtDoorDataModel.swift in Sources */,
				B2D320CC22313338005DF272 /* NotificationTableViewCell.swift in Sources */,
				B23EC0FD2226B02800DDB908 /* FeedbackViewController.swift in Sources */,
				B23EC0F42226AFBB00DDB908 /* AboutusViewController.swift in Sources */,
				B2A235C42227AF1F00546FF7 /* ForgetPasswordViewController.swift in Sources */,
				B2D320CF22313A8D005DF272 /* NotificationDataModel.swift in Sources */,
				B20EAAB92226A0B900DBCD04 /* DoctorViewController.swift in Sources */,
				B2D8A72A223290E000B2887F /* ViewPatientTableViewCell.swift in Sources */,
				B2AC95CB2230EB2F00713B1B /* AuthenticateViewController.swift in Sources */,
				B23EC0E02226A63400DDB908 /* NursesViewController.swift in Sources */,
				B23EC0F62226AFCE00DDB908 /* BlogViewController.swift in Sources */,
				B20EAA962226581400DBCD04 /* ViewController.swift in Sources */,
				B20EAAAA2226676F00DBCD04 /* Appoinments.swift in Sources */,
				B231728F224B5D4A00AFF2D6 /* AppoinmentViewController.swift in Sources */,
				B23EC0FF2226B0E000DDB908 /* AddPatientViewController.swift in Sources */,
				B23EC1032226B35700DDB908 /* ChangePasswordViewController.swift in Sources */,
				B23EC1012226B19B00DDB908 /* ViewPatientViewController.swift in Sources */,
				B23EC0F02226AF6000DDB908 /* OfferVochersViewController.swift in Sources */,
				B2A235C62227B75100546FF7 /* CreatePasswordViewController.swift in Sources */,
				B23EC0EE2226AF4400DDB908 /* BookingHistoryViewController.swift in Sources */,
				B23EC0F22226AF7400DDB908 /* WalletViewController.swift in Sources */,
				B23EC0EC2226AEEC00DDB908 /* CartViewController.swift in Sources */,
				B23EC0FA2226B00900DDB908 /* HelpViewController.swift in Sources */,
				B23EC0E82226AB9000DDB908 /* AmbulanceViewController.swift in Sources */,
				B2B7FEBA224A32AA00C0B0EA /* UIImage+Gif.swift in Sources */,
				B2DDFB01223681CF00C87D6D /* FeedbackDataModel.swift in Sources */,
				B23EC0F82226AFE900DDB908 /* TermsConditionViewController.swift in Sources */,
				B2D320CA223132E1005DF272 /* NotificationsViewController.swift in Sources */,
				B20EAA942226581400DBCD04 /* AppDelegate.swift in Sources */,
				B23EC0E32226A76E00DDB908 /* LabViewController.swift in Sources */,
			);
			runOnlyForDeploymentPostprocessing = 0;
		};
/* End PBXSourcesBuildPhase section */

/* Begin PBXVariantGroup section */
		B20EAA972226581400DBCD04 /* Main.storyboard */ = {
			isa = PBXVariantGroup;
			children = (
				B20EAA982226581400DBCD04 /* Base */,
			);
			name = Main.storyboard;
			sourceTree = "<group>";
		};
		B20EAA9C2226581600DBCD04 /* LaunchScreen.storyboard */ = {
			isa = PBXVariantGroup;
			children = (
				B20EAA9D2226581600DBCD04 /* Base */,
			);
			name = LaunchScreen.storyboard;
			sourceTree = "<group>";
		};
/* End PBXVariantGroup section */

/* Begin XCBuildConfiguration section */
		B20EAAA02226581600DBCD04 /* Debug */ = {
			isa = XCBuildConfiguration;
			buildSettings = {
				ALWAYS_SEARCH_USER_PATHS = NO;
				CLANG_ANALYZER_NONNULL = YES;
				CLANG_ANALYZER_NUMBER_OBJECT_CONVERSION = YES_AGGRESSIVE;
				CLANG_CXX_LANGUAGE_STANDARD = "gnu++14";
				CLANG_CXX_LIBRARY = "libc++";
				CLANG_ENABLE_MODULES = YES;
				CLANG_ENABLE_OBJC_ARC = YES;
				CLANG_ENABLE_OBJC_WEAK = YES;
				CLANG_WARN_BLOCK_CAPTURE_AUTORELEASING = YES;
				CLANG_WARN_BOOL_CONVERSION = YES;
				CLANG_WARN_COMMA = YES;
				CLANG_WARN_CONSTANT_CONVERSION = YES;
				CLANG_WARN_DEPRECATED_OBJC_IMPLEMENTATIONS = YES;
				CLANG_WARN_DIRECT_OBJC_ISA_USAGE = YES_ERROR;
				CLANG_WARN_DOCUMENTATION_COMMENTS = YES;
				CLANG_WARN_EMPTY_BODY = YES;
				CLANG_WARN_ENUM_CONVERSION = YES;
				CLANG_WARN_INFINITE_RECURSION = YES;
				CLANG_WARN_INT_CONVERSION = YES;
				CLANG_WARN_NON_LITERAL_NULL_CONVERSION = YES;
				CLANG_WARN_OBJC_IMPLICIT_RETAIN_SELF = YES;
				CLANG_WARN_OBJC_LITERAL_CONVERSION = YES;
				CLANG_WARN_OBJC_ROOT_CLASS = YES_ERROR;
				CLANG_WARN_RANGE_LOOP_ANALYSIS = YES;
				CLANG_WARN_STRICT_PROTOTYPES = YES;
				CLANG_WARN_SUSPICIOUS_MOVE = YES;
				CLANG_WARN_UNGUARDED_AVAILABILITY = YES_AGGRESSIVE;
				CLANG_WARN_UNREACHABLE_CODE = YES;
				CLANG_WARN__DUPLICATE_METHOD_MATCH = YES;
				CODE_SIGN_IDENTITY = "iPhone Developer";
				COPY_PHASE_STRIP = NO;
				DEBUG_INFORMATION_FORMAT = dwarf;
				ENABLE_STRICT_OBJC_MSGSEND = YES;
				ENABLE_TESTABILITY = YES;
				GCC_C_LANGUAGE_STANDARD = gnu11;
				GCC_DYNAMIC_NO_PIC = NO;
				GCC_NO_COMMON_BLOCKS = YES;
				GCC_OPTIMIZATION_LEVEL = 0;
				GCC_PREPROCESSOR_DEFINITIONS = (
					"DEBUG=1",
					"$(inherited)",
				);
				GCC_WARN_64_TO_32_BIT_CONVERSION = YES;
				GCC_WARN_ABOUT_RETURN_TYPE = YES_ERROR;
				GCC_WARN_UNDECLARED_SELECTOR = YES;
				GCC_WARN_UNINITIALIZED_AUTOS = YES_AGGRESSIVE;
				GCC_WARN_UNUSED_FUNCTION = YES;
				GCC_WARN_UNUSED_VARIABLE = YES;
				IPHONEOS_DEPLOYMENT_TARGET = 12.1;
				MTL_ENABLE_DEBUG_INFO = INCLUDE_SOURCE;
				MTL_FAST_MATH = YES;
				ONLY_ACTIVE_ARCH = YES;
				SDKROOT = iphoneos;
				SWIFT_ACTIVE_COMPILATION_CONDITIONS = DEBUG;
				SWIFT_OPTIMIZATION_LEVEL = "-Onone";
			};
			name = Debug;
		};
		B20EAAA12226581600DBCD04 /* Release */ = {
			isa = XCBuildConfiguration;
			buildSettings = {
				ALWAYS_SEARCH_USER_PATHS = NO;
				CLANG_ANALYZER_NONNULL = YES;
				CLANG_ANALYZER_NUMBER_OBJECT_CONVERSION = YES_AGGRESSIVE;
				CLANG_CXX_LANGUAGE_STANDARD = "gnu++14";
				CLANG_CXX_LIBRARY = "libc++";
				CLANG_ENABLE_MODULES = YES;
				CLANG_ENABLE_OBJC_ARC = YES;
				CLANG_ENABLE_OBJC_WEAK = YES;
				CLANG_WARN_BLOCK_CAPTURE_AUTORELEASING = YES;
				CLANG_WARN_BOOL_CONVERSION = YES;
				CLANG_WARN_COMMA = YES;
				CLANG_WARN_CONSTANT_CONVERSION = YES;
				CLANG_WARN_DEPRECATED_OBJC_IMPLEMENTATIONS = YES;
				CLANG_WARN_DIRECT_OBJC_ISA_USAGE = YES_ERROR;
				CLANG_WARN_DOCUMENTATION_COMMENTS = YES;
				CLANG_WARN_EMPTY_BODY = YES;
				CLANG_WARN_ENUM_CONVERSION = YES;
				CLANG_WARN_INFINITE_RECURSION = YES;
				CLANG_WARN_INT_CONVERSION = YES;
				CLANG_WARN_NON_LITERAL_NULL_CONVERSION = YES;
				CLANG_WARN_OBJC_IMPLICIT_RETAIN_SELF = YES;
				CLANG_WARN_OBJC_LITERAL_CONVERSION = YES;
				CLANG_WARN_OBJC_ROOT_CLASS = YES_ERROR;
				CLANG_WARN_RANGE_LOOP_ANALYSIS = YES;
				CLANG_WARN_STRICT_PROTOTYPES = YES;
				CLANG_WARN_SUSPICIOUS_MOVE = YES;
				CLANG_WARN_UNGUARDED_AVAILABILITY = YES_AGGRESSIVE;
				CLANG_WARN_UNREACHABLE_CODE = YES;
				CLANG_WARN__DUPLICATE_METHOD_MATCH = YES;
				CODE_SIGN_IDENTITY = "iPhone Developer";
				COPY_PHASE_STRIP = NO;
				DEBUG_INFORMATION_FORMAT = "dwarf-with-dsym";
				ENABLE_NS_ASSERTIONS = NO;
				ENABLE_STRICT_OBJC_MSGSEND = YES;
				GCC_C_LANGUAGE_STANDARD = gnu11;
				GCC_NO_COMMON_BLOCKS = YES;
				GCC_WARN_64_TO_32_BIT_CONVERSION = YES;
				GCC_WARN_ABOUT_RETURN_TYPE = YES_ERROR;
				GCC_WARN_UNDECLARED_SELECTOR = YES;
				GCC_WARN_UNINITIALIZED_AUTOS = YES_AGGRESSIVE;
				GCC_WARN_UNUSED_FUNCTION = YES;
				GCC_WARN_UNUSED_VARIABLE = YES;
				IPHONEOS_DEPLOYMENT_TARGET = 12.1;
				MTL_ENABLE_DEBUG_INFO = NO;
				MTL_FAST_MATH = YES;
				SDKROOT = iphoneos;
				SWIFT_COMPILATION_MODE = wholemodule;
				SWIFT_OPTIMIZATION_LEVEL = "-O";
				VALIDATE_PRODUCT = YES;
			};
			name = Release;
		};
		B20EAAA32226581600DBCD04 /* Debug */ = {
			isa = XCBuildConfiguration;
			baseConfigurationReference = 1E4CBA2E767DCEFDA8024502 /* Pods-DrAtDoorStep.debug.xcconfig */;
			buildSettings = {
				ASSETCATALOG_COMPILER_APPICON_NAME = AppIcon;
				CODE_SIGN_STYLE = Automatic;
				DEVELOPMENT_TEAM = 9K2ZV59BZA;
				INFOPLIST_FILE = DrAtDoorStep/Info.plist;
				IPHONEOS_DEPLOYMENT_TARGET = 12.0;
				LD_RUNPATH_SEARCH_PATHS = (
					"$(inherited)",
					"@executable_path/Frameworks",
				);
				PRODUCT_BUNDLE_IDENTIFIER = Parth.DrAtDoorStep;
				PRODUCT_NAME = "$(TARGET_NAME)";
				SWIFT_VERSION = 4.2;
				TARGETED_DEVICE_FAMILY = "1,2";
			};
			name = Debug;
		};
		B20EAAA42226581600DBCD04 /* Release */ = {
			isa = XCBuildConfiguration;
			baseConfigurationReference = E2AF5F1C7BDBA2715B1C781F /* Pods-DrAtDoorStep.release.xcconfig */;
			buildSettings = {
				ASSETCATALOG_COMPILER_APPICON_NAME = AppIcon;
				CODE_SIGN_STYLE = Automatic;
				DEVELOPMENT_TEAM = 9K2ZV59BZA;
				INFOPLIST_FILE = DrAtDoorStep/Info.plist;
				IPHONEOS_DEPLOYMENT_TARGET = 12.0;
				LD_RUNPATH_SEARCH_PATHS = (
					"$(inherited)",
					"@executable_path/Frameworks",
				);
				PRODUCT_BUNDLE_IDENTIFIER = Parth.DrAtDoorStep;
				PRODUCT_NAME = "$(TARGET_NAME)";
				SWIFT_VERSION = 4.2;
				TARGETED_DEVICE_FAMILY = "1,2";
			};
			name = Release;
		};
/* End XCBuildConfiguration section */

/* Begin XCConfigurationList section */
		B20EAA8B2226581400DBCD04 /* Build configuration list for PBXProject "DrAtDoorStep" */ = {
			isa = XCConfigurationList;
			buildConfigurations = (
				B20EAAA02226581600DBCD04 /* Debug */,
				B20EAAA12226581600DBCD04 /* Release */,
			);
			defaultConfigurationIsVisible = 0;
			defaultConfigurationName = Release;
		};
		B20EAAA22226581600DBCD04 /* Build configuration list for PBXNativeTarget "DrAtDoorStep" */ = {
			isa = XCConfigurationList;
			buildConfigurations = (
				B20EAAA32226581600DBCD04 /* Debug */,
				B20EAAA42226581600DBCD04 /* Release */,
			);
			defaultConfigurationIsVisible = 0;
			defaultConfigurationName = Release;
		};
/* End XCConfigurationList section */
	};
	rootObject = B20EAA882226581400DBCD04 /* Project object */;
}
